
Microsoft Visual Studio Solution File, Format Version 12.00
# Visual Studio Version 16
VisualStudioVersion = 16.0.30320.27
MinimumVisualStudioVersion = 10.0.40219.1
Project("{FAE04EC0-301F-11D3-BF4B-00C04F79EFBC}") = "MidTermProject", "MidTermProject\MidTermProject.csproj", "{554C57A2-62A8-4F23-8077-C9FD1F5ABA22}"
EndProject
Global
	GlobalSection(SolutionConfigurationPlatforms) = preSolution
		Debug|Any CPU = Debug|Any CPU
		Release|Any CPU = Release|Any CPU
	EndGlobalSection
	GlobalSection(ProjectConfigurationPlatforms) = postSolution
		{554C57A2-62A8-4F23-8077-C9FD1F5ABA22}.Debug|Any CPU.ActiveCfg = Debug|Any CPU
		{554C57A2-62A8-4F23-8077-C9FD1F5ABA22}.Debug|Any CPU.Build.0 = Debug|Any CPU
		{554C57A2-62A8-4F23-8077-C9FD1F5ABA22}.Release|Any CPU.ActiveCfg = Release|Any CPU
		{554C57A2-62A8-4F23-8077-C9FD1F5ABA22}.Release|Any CPU.Build.0 = Release|Any CPU
	EndGlobalSection
	GlobalSection(SolutionProperties) = preSolution
		HideSolutionNode = FALSE
	EndGlobalSection
	GlobalSection(ExtensibilityGlobals) = postSolution
		SolutionGuid = {CA872CE3-EADB-444F-8B73-849C33022609}
	EndGlobalSection
EndGlobal
